{
  "name": "dominative",
  "version": "0.0.7-alpha.3",
  "lockfileVersion": 2,
  "requires": true,
  "packages": {
    "": {
      "name": "dominative",
      "version": "0.0.7-alpha.3",
      "license": "MIT",
      "peerDependencies": {
        "@nativescript/core": "^8.3.5",
        "undom-ng": "^1.0.2"
      }
    },
    "node_modules/@nativescript/core": {
      "version": "8.3.5",
      "resolved": "https://registry.npmjs.org/@nativescript/core/-/core-8.3.5.tgz",
      "integrity": "sha512-YUcrg0LB3Q9wqGgNhs6O0TsUX+l134JibbqVG+lgAXRaqrF0ysEiYnCqdUWEOUBuot/soKd0a/wzKnEWsMZx3Q==",
      "hasInstallScript": true,
      "peer": true,
      "dependencies": {
        "@nativescript/hook": "~2.0.0",
        "acorn": "^8.7.0",
        "css-tree": "^1.1.2",
        "reduce-css-calc": "^2.1.7",
        "tslib": "^2.0.0"
      }
    },
    "node_modules/@nativescript/hook": {
      "version": "2.0.0",
      "resolved": "https://registry.npmjs.org/@nativescript/hook/-/hook-2.0.0.tgz",
      "integrity": "sha512-v3Hj3Zpd69sQJfFpDNXonV0EjO1a2OL4l48wlo1Ycsqk4r7RY822d/irFTjt0LllRG0OcdEGgfG6wKb0YgPyHw==",
      "peer": true,
      "dependencies": {
        "glob": "^7.1.0",
        "mkdirp": "^1.0.4"
      }
    },
    "node_modules/acorn": {
      "version": "8.8.0",
      "resolved": "https://registry.npmjs.org/acorn/-/acorn-8.8.0.tgz",
      "integrity": "sha512-QOxyigPVrpZ2GXT+PFyZTl6TtOFc5egxHIP9IlQ+RbupQuX4RkT/Bee4/kQuC02Xkzg84JcT7oLYtDIQxp+v7w==",
      "peer": true,
      "bin": {
        "acorn": "bin/acorn"
      },
      "engines": {
        "node": ">=0.4.0"
      }
    },
    "node_modules/balanced-match": {
      "version": "1.0.2",
      "resolved": "https://registry.npmjs.org/balanced-match/-/balanced-match-1.0.2.tgz",
      "integrity": "sha512-3oSeUO0TMV67hN1AmbXsK4yaqU7tjiHlbxRDZOpH0KW9+CeX4bRAaX0Anxt0tx2MrpRpWwQaPwIlISEJhYU5Pw==",
      "peer": true
    },
    "node_modules/brace-expansion": {
      "version": "1.1.11",
      "resolved": "https://registry.npmjs.org/brace-expansion/-/brace-expansion-1.1.11.tgz",
      "integrity": "sha512-iCuPHDFgrHX7H2vEI/5xpz07zSHB00TpugqhmYtVmMO6518mCuRMoOYFldEBl0g187ufozdaHgWKcYFb61qGiA==",
      "peer": true,
      "dependencies": {
        "balanced-match": "^1.0.0",
        "concat-map": "0.0.1"
      }
    },
    "node_modules/concat-map": {
      "version": "0.0.1",
      "resolved": "https://registry.npmjs.org/concat-map/-/concat-map-0.0.1.tgz",
      "integrity": "sha512-/Srv4dswyQNBfohGpz9o6Yb3Gz3SrUDqBH5rTuhGR7ahtlbYKnVxw2bCFMRljaA7EXHaXZ8wsHdodFvbkhKmqg==",
      "peer": true
    },
    "node_modules/css-tree": {
      "version": "1.1.3",
      "resolved": "https://registry.npmjs.org/css-tree/-/css-tree-1.1.3.tgz",
      "integrity": "sha512-tRpdppF7TRazZrjJ6v3stzv93qxRcSsFmW6cX0Zm2NVKpxE1WV1HblnghVv9TreireHkqI/VDEsfolRF1p6y7Q==",
      "peer": true,
      "dependencies": {
        "mdn-data": "2.0.14",
        "source-map": "^0.6.1"
      },
      "engines": {
        "node": ">=8.0.0"
      }
    },
    "node_modules/css-unit-converter": {
      "version": "1.1.2",
      "resolved": "https://registry.npmjs.org/css-unit-converter/-/css-unit-converter-1.1.2.tgz",
      "integrity": "sha512-IiJwMC8rdZE0+xiEZHeru6YoONC4rfPMqGm2W85jMIbkFvv5nFTwJVFHam2eFrN6txmoUYFAFXiv8ICVeTO0MA==",
      "peer": true
    },
    "node_modules/fs.realpath": {
      "version": "1.0.0",
      "resolved": "https://registry.npmjs.org/fs.realpath/-/fs.realpath-1.0.0.tgz",
      "integrity": "sha512-OO0pH2lK6a0hZnAdau5ItzHPI6pUlvI7jMVnxUQRtw4owF2wk8lOSabtGDCTP4Ggrg2MbGnWO9X8K1t4+fGMDw==",
      "peer": true
    },
    "node_modules/glob": {
      "version": "7.2.3",
      "resolved": "https://registry.npmjs.org/glob/-/glob-7.2.3.tgz",
      "integrity": "sha512-nFR0zLpU2YCaRxwoCJvL6UvCH2JFyFVIvwTLsIf21AuHlMskA1hhTdk+LlYJtOlYt9v6dvszD2BGRqBL+iQK9Q==",
      "peer": true,
      "dependencies": {
        "fs.realpath": "^1.0.0",
        "inflight": "^1.0.4",
        "inherits": "2",
        "minimatch": "^3.1.1",
        "once": "^1.3.0",
        "path-is-absolute": "^1.0.0"
      },
      "engines": {
        "node": "*"
      },
      "funding": {
        "url": "https://github.com/sponsors/isaacs"
      }
    },
    "node_modules/inflight": {
      "version": "1.0.6",
      "resolved": "https://registry.npmjs.org/inflight/-/inflight-1.0.6.tgz",
      "integrity": "sha512-k92I/b08q4wvFscXCLvqfsHCrjrF7yiXsQuIVvVE7N82W3+aqpzuUdBbfhWcy/FZR3/4IgflMgKLOsvPDrGCJA==",
      "peer": true,
      "dependencies": {
        "once": "^1.3.0",
        "wrappy": "1"
      }
    },
    "node_modules/inherits": {
      "version": "2.0.4",
      "resolved": "https://registry.npmjs.org/inherits/-/inherits-2.0.4.tgz",
      "integrity": "sha512-k/vGaX4/Yla3WzyMCvTQOXYeIHvqOKtnqBduzTHpzpQZzAskKMhZ2K+EnBiSM9zGSoIFeMpXKxa4dYeZIQqewQ==",
      "peer": true
    },
    "node_modules/mdn-data": {
      "version": "2.0.14",
      "resolved": "https://registry.npmjs.org/mdn-data/-/mdn-data-2.0.14.tgz",
      "integrity": "sha512-dn6wd0uw5GsdswPFfsgMp5NSB0/aDe6fK94YJV/AJDYXL6HVLWBsxeq7js7Ad+mU2K9LAlwpk6kN2D5mwCPVow==",
      "peer": true
    },
    "node_modules/minimatch": {
      "version": "3.1.2",
      "resolved": "https://registry.npmjs.org/minimatch/-/minimatch-3.1.2.tgz",
      "integrity": "sha512-J7p63hRiAjw1NDEww1W7i37+ByIrOWO5XQQAzZ3VOcL0PNybwpfmV/N05zFAzwQ9USyEcX6t3UO+K5aqBQOIHw==",
      "peer": true,
      "dependencies": {
        "brace-expansion": "^1.1.7"
      },
      "engines": {
        "node": "*"
      }
    },
    "node_modules/mkdirp": {
      "version": "1.0.4",
      "resolved": "https://registry.npmjs.org/mkdirp/-/mkdirp-1.0.4.tgz",
      "integrity": "sha512-vVqVZQyf3WLx2Shd0qJ9xuvqgAyKPLAiqITEtqW0oIUjzo3PePDd6fW9iFz30ef7Ysp/oiWqbhszeGWW2T6Gzw==",
      "peer": true,
      "bin": {
        "mkdirp": "bin/cmd.js"
      },
      "engines": {
        "node": ">=10"
      }
    },
    "node_modules/once": {
      "version": "1.4.0",
      "resolved": "https://registry.npmjs.org/once/-/once-1.4.0.tgz",
      "integrity": "sha512-lNaJgI+2Q5URQBkccEKHTQOPaXdUxnZZElQTZY0MFUAuaEqe1E+Nyvgdz/aIyNi6Z9MzO5dv1H8n58/GELp3+w==",
      "peer": true,
      "dependencies": {
        "wrappy": "1"
      }
    },
    "node_modules/path-is-absolute": {
      "version": "1.0.1",
      "resolved": "https://registry.npmjs.org/path-is-absolute/-/path-is-absolute-1.0.1.tgz",
      "integrity": "sha512-AVbw3UJ2e9bq64vSaS9Am0fje1Pa8pbGqTTsmXfaIiMpnr5DlDhfJOuLj9Sf95ZPVDAUerDfEk88MPmPe7UCQg==",
      "peer": true,
      "engines": {
        "node": ">=0.10.0"
      }
    },
    "node_modules/postcss-value-parser": {
      "version": "3.3.1",
      "resolved": "https://registry.npmjs.org/postcss-value-parser/-/postcss-value-parser-3.3.1.tgz",
      "integrity": "sha512-pISE66AbVkp4fDQ7VHBwRNXzAAKJjw4Vw7nWI/+Q3vuly7SNfgYXvm6i5IgFylHGK5sP/xHAbB7N49OS4gWNyQ==",
      "peer": true
    },
    "node_modules/reduce-css-calc": {
      "version": "2.1.8",
      "resolved": "https://registry.npmjs.org/reduce-css-calc/-/reduce-css-calc-2.1.8.tgz",
      "integrity": "sha512-8liAVezDmUcH+tdzoEGrhfbGcP7nOV4NkGE3a74+qqvE7nt9i4sKLGBuZNOnpI4WiGksiNPklZxva80061QiPg==",
      "peer": true,
      "dependencies": {
        "css-unit-converter": "^1.1.1",
        "postcss-value-parser": "^3.3.0"
      }
    },
    "node_modules/source-map": {
      "version": "0.6.1",
      "resolved": "https://registry.npmjs.org/source-map/-/source-map-0.6.1.tgz",
      "integrity": "sha512-UjgapumWlbMhkBgzT7Ykc5YXUT46F0iKu8SGXq0bcwP5dz/h0Plj6enJqjz1Zbq2l5WaqYnrVbwWOWMyF3F47g==",
      "peer": true,
      "engines": {
        "node": ">=0.10.0"
      }
    },
    "node_modules/tslib": {
      "version": "2.0.3",
      "resolved": "https://registry.npmjs.org/tslib/-/tslib-2.0.3.tgz",
      "integrity": "sha512-uZtkfKblCEQtZKBF6EBXVZeQNl82yqtDQdv+eck8u7tdPxjLu2/lp5/uPW+um2tpuxINHWy3GhiccY7QgEaVHQ==",
      "peer": true
    },
    "node_modules/undom-ng": {
      "version": "1.0.2",
      "resolved": "https://registry.npmjs.org/undom-ng/-/undom-ng-1.0.2.tgz",
      "integrity": "sha512-QEhnE0mAWn8zfe5U71EjZraOi9xh4dEVWeVULZyF18yQVbv2enZIAJzp03QlglTGubS19lAH17ah06P2vqJv3w==",
      "peer": true
    },
    "node_modules/wrappy": {
      "version": "1.0.2",
      "resolved": "https://registry.npmjs.org/wrappy/-/wrappy-1.0.2.tgz",
      "integrity": "sha512-l4Sp/DRseor9wL6EvV2+TuQn63dMkPjZ/sp9XkghTEbV9KlPS1xUsZ3u7/IQO4wxtcFB4bgpQPRcR3QCvezPcQ==",
      "peer": true
    }
  },
  "dependencies": {
    "@nativescript/core": {
      "version": "8.3.5",
      "resolved": "https://registry.npmjs.org/@nativescript/core/-/core-8.3.5.tgz",
      "integrity": "sha512-YUcrg0LB3Q9wqGgNhs6O0TsUX+l134JibbqVG+lgAXRaqrF0ysEiYnCqdUWEOUBuot/soKd0a/wzKnEWsMZx3Q==",
      "peer": true,
      "requires": {
        "@nativescript/hook": "~2.0.0",
        "acorn": "^8.7.0",
        "css-tree": "^1.1.2",
        "reduce-css-calc": "^2.1.7",
        "tslib": "^2.0.0"
      }
    },
    "@nativescript/hook": {
      "version": "2.0.0",
      "resolved": "https://registry.npmjs.org/@nativescript/hook/-/hook-2.0.0.tgz",
      "integrity": "sha512-v3Hj3Zpd69sQJfFpDNXonV0EjO1a2OL4l48wlo1Ycsqk4r7RY822d/irFTjt0LllRG0OcdEGgfG6wKb0YgPyHw==",
      "peer": true,
      "requires": {
        "glob": "^7.1.0",
        "mkdirp": "^1.0.4"
      }
    },
    "acorn": {
      "version": "8.8.0",
      "resolved": "https://registry.npmjs.org/acorn/-/acorn-8.8.0.tgz",
      "integrity": "sha512-QOxyigPVrpZ2GXT+PFyZTl6TtOFc5egxHIP9IlQ+RbupQuX4RkT/Bee4/kQuC02Xkzg84JcT7oLYtDIQxp+v7w==",
      "peer": true
    },
    "balanced-match": {
      "version": "1.0.2",
      "resolved": "https://registry.npmjs.org/balanced-match/-/balanced-match-1.0.2.tgz",
      "integrity": "sha512-3oSeUO0TMV67hN1AmbXsK4yaqU7tjiHlbxRDZOpH0KW9+CeX4bRAaX0Anxt0tx2MrpRpWwQaPwIlISEJhYU5Pw==",
      "peer": true
    },
    "brace-expansion": {
      "version": "1.1.11",
      "resolved": "https://registry.npmjs.org/brace-expansion/-/brace-expansion-1.1.11.tgz",
      "integrity": "sha512-iCuPHDFgrHX7H2vEI/5xpz07zSHB00TpugqhmYtVmMO6518mCuRMoOYFldEBl0g187ufozdaHgWKcYFb61qGiA==",
      "peer": true,
      "requires": {
        "balanced-match": "^1.0.0",
        "concat-map": "0.0.1"
      }
    },
    "concat-map": {
      "version": "0.0.1",
      "resolved": "https://registry.npmjs.org/concat-map/-/concat-map-0.0.1.tgz",
      "integrity": "sha512-/Srv4dswyQNBfohGpz9o6Yb3Gz3SrUDqBH5rTuhGR7ahtlbYKnVxw2bCFMRljaA7EXHaXZ8wsHdodFvbkhKmqg==",
      "peer": true
    },
    "css-tree": {
      "version": "1.1.3",
      "resolved": "https://registry.npmjs.org/css-tree/-/css-tree-1.1.3.tgz",
      "integrity": "sha512-tRpdppF7TRazZrjJ6v3stzv93qxRcSsFmW6cX0Zm2NVKpxE1WV1HblnghVv9TreireHkqI/VDEsfolRF1p6y7Q==",
      "peer": true,
      "requires": {
        "mdn-data": "2.0.14",
        "source-map": "^0.6.1"
      }
    },
    "css-unit-converter": {
      "version": "1.1.2",
      "resolved": "https://registry.npmjs.org/css-unit-converter/-/css-unit-converter-1.1.2.tgz",
      "integrity": "sha512-IiJwMC8rdZE0+xiEZHeru6YoONC4rfPMqGm2W85jMIbkFvv5nFTwJVFHam2eFrN6txmoUYFAFXiv8ICVeTO0MA==",
      "peer": true
    },
    "fs.realpath": {
      "version": "1.0.0",
      "resolved": "https://registry.npmjs.org/fs.realpath/-/fs.realpath-1.0.0.tgz",
      "integrity": "sha512-OO0pH2lK6a0hZnAdau5ItzHPI6pUlvI7jMVnxUQRtw4owF2wk8lOSabtGDCTP4Ggrg2MbGnWO9X8K1t4+fGMDw==",
      "peer": true
    },
    "glob": {
      "version": "7.2.3",
      "resolved": "https://registry.npmjs.org/glob/-/glob-7.2.3.tgz",
      "integrity": "sha512-nFR0zLpU2YCaRxwoCJvL6UvCH2JFyFVIvwTLsIf21AuHlMskA1hhTdk+LlYJtOlYt9v6dvszD2BGRqBL+iQK9Q==",
      "peer": true,
      "requires": {
        "fs.realpath": "^1.0.0",
        "inflight": "^1.0.4",
        "inherits": "2",
        "minimatch": "^3.1.1",
        "once": "^1.3.0",
        "path-is-absolute": "^1.0.0"
      }
    },
    "inflight": {
      "version": "1.0.6",
      "resolved": "https://registry.npmjs.org/inflight/-/inflight-1.0.6.tgz",
      "integrity": "sha512-k92I/b08q4wvFscXCLvqfsHCrjrF7yiXsQuIVvVE7N82W3+aqpzuUdBbfhWcy/FZR3/4IgflMgKLOsvPDrGCJA==",
      "peer": true,
      "requires": {
        "once": "^1.3.0",
        "wrappy": "1"
      }
    },
    "inherits": {
      "version": "2.0.4",
      "resolved": "https://registry.npmjs.org/inherits/-/inherits-2.0.4.tgz",
      "integrity": "sha512-k/vGaX4/Yla3WzyMCvTQOXYeIHvqOKtnqBduzTHpzpQZzAskKMhZ2K+EnBiSM9zGSoIFeMpXKxa4dYeZIQqewQ==",
      "peer": true
    },
    "mdn-data": {
      "version": "2.0.14",
      "resolved": "https://registry.npmjs.org/mdn-data/-/mdn-data-2.0.14.tgz",
      "integrity": "sha512-dn6wd0uw5GsdswPFfsgMp5NSB0/aDe6fK94YJV/AJDYXL6HVLWBsxeq7js7Ad+mU2K9LAlwpk6kN2D5mwCPVow==",
      "peer": true
    },
    "minimatch": {
      "version": "3.1.2",
      "resolved": "https://registry.npmjs.org/minimatch/-/minimatch-3.1.2.tgz",
      "integrity": "sha512-J7p63hRiAjw1NDEww1W7i37+ByIrOWO5XQQAzZ3VOcL0PNybwpfmV/N05zFAzwQ9USyEcX6t3UO+K5aqBQOIHw==",
      "peer": true,
      "requires": {
        "brace-expansion": "^1.1.7"
      }
    },
    "mkdirp": {
      "version": "1.0.4",
      "resolved": "https://registry.npmjs.org/mkdirp/-/mkdirp-1.0.4.tgz",
      "integrity": "sha512-vVqVZQyf3WLx2Shd0qJ9xuvqgAyKPLAiqITEtqW0oIUjzo3PePDd6fW9iFz30ef7Ysp/oiWqbhszeGWW2T6Gzw==",
      "peer": true
    },
    "once": {
      "version": "1.4.0",
      "resolved": "https://registry.npmjs.org/once/-/once-1.4.0.tgz",
      "integrity": "sha512-lNaJgI+2Q5URQBkccEKHTQOPaXdUxnZZElQTZY0MFUAuaEqe1E+Nyvgdz/aIyNi6Z9MzO5dv1H8n58/GELp3+w==",
      "peer": true,
      "requires": {
        "wrappy": "1"
      }
    },
    "path-is-absolute": {
      "version": "1.0.1",
      "resolved": "https://registry.npmjs.org/path-is-absolute/-/path-is-absolute-1.0.1.tgz",
      "integrity": "sha512-AVbw3UJ2e9bq64vSaS9Am0fje1Pa8pbGqTTsmXfaIiMpnr5DlDhfJOuLj9Sf95ZPVDAUerDfEk88MPmPe7UCQg==",
      "peer": true
    },
    "postcss-value-parser": {
      "version": "3.3.1",
      "resolved": "https://registry.npmjs.org/postcss-value-parser/-/postcss-value-parser-3.3.1.tgz",
      "integrity": "sha512-pISE66AbVkp4fDQ7VHBwRNXzAAKJjw4Vw7nWI/+Q3vuly7SNfgYXvm6i5IgFylHGK5sP/xHAbB7N49OS4gWNyQ==",
      "peer": true
    },
    "reduce-css-calc": {
      "version": "2.1.8",
      "resolved": "https://registry.npmjs.org/reduce-css-calc/-/reduce-css-calc-2.1.8.tgz",
      "integrity": "sha512-8liAVezDmUcH+tdzoEGrhfbGcP7nOV4NkGE3a74+qqvE7nt9i4sKLGBuZNOnpI4WiGksiNPklZxva80061QiPg==",
      "peer": true,
      "requires": {
        "css-unit-converter": "^1.1.1",
        "postcss-value-parser": "^3.3.0"
      }
    },
    "source-map": {
      "version": "0.6.1",
      "resolved": "https://registry.npmjs.org/source-map/-/source-map-0.6.1.tgz",
      "integrity": "sha512-UjgapumWlbMhkBgzT7Ykc5YXUT46F0iKu8SGXq0bcwP5dz/h0Plj6enJqjz1Zbq2l5WaqYnrVbwWOWMyF3F47g==",
      "peer": true
    },
    "tslib": {
      "version": "2.0.3",
      "resolved": "https://registry.npmjs.org/tslib/-/tslib-2.0.3.tgz",
      "integrity": "sha512-uZtkfKblCEQtZKBF6EBXVZeQNl82yqtDQdv+eck8u7tdPxjLu2/lp5/uPW+um2tpuxINHWy3GhiccY7QgEaVHQ==",
      "peer": true
    },
    "undom-ng": {
      "version": "1.0.2",
      "resolved": "https://registry.npmjs.org/undom-ng/-/undom-ng-1.0.2.tgz",
      "integrity": "sha512-QEhnE0mAWn8zfe5U71EjZraOi9xh4dEVWeVULZyF18yQVbv2enZIAJzp03QlglTGubS19lAH17ah06P2vqJv3w==",
      "peer": true
    },
    "wrappy": {
      "version": "1.0.2",
      "resolved": "https://registry.npmjs.org/wrappy/-/wrappy-1.0.2.tgz",
      "integrity": "sha512-l4Sp/DRseor9wL6EvV2+TuQn63dMkPjZ/sp9XkghTEbV9KlPS1xUsZ3u7/IQO4wxtcFB4bgpQPRcR3QCvezPcQ==",
      "peer": true
    }
  }
}
